{
  "originHash" : "ef534ec68dca028042b3b1b1e0045fcd8c76d2193496794c60e3d5581e8c642a",
  "pins" : [
    {
      "identity" : "kakaomapssdk-spm",
      "kind" : "remoteSourceControl",
      "location" : "https://github.com/kakao-mapsSDK/KakaoMapsSDK-SPM",
      "state" : {
        "revision" : "d44bc7365bee88f66964a14168a42910ac092d38",
        "version" : "2.12.5"
      }
    },
    {
      "identity" : "kingfisher",
      "kind" : "remoteSourceControl",
      "location" : "https://github.com/onevcat/Kingfisher",
      "state" : {
        "revision" : "7deda23bbdca612076c5c315003d8638a08ed0f1",
        "version" : "8.3.2"
      }
    },
    {
      "identity" : "sidemenu",
      "kind" : "remoteSourceControl",
      "location" : "https://github.com/jonkykong/SideMenu.git",
      "state" : {
        "revision" : "8bd4fd128923cf5494fa726839af8afe12908ad9",
        "version" : "6.5.0"
      }
    },
    {
      "identity" : "snapkit",
      "kind" : "remoteSourceControl",
      "location" : "https://github.com/SnapKit/SnapKit.git",
      "state" : {
        "revision" : "2842e6e84e82eb9a8dac0100ca90d9444b0307f4",
        "version" : "5.7.1"
      }
    }
  ],
  "version" : 3
}
